<?xml version="1.0" encoding="utf-8"?>
<Project ToolsVersion="4.0" xmlns="http://schemas.microsoft.com/developer/msbuild/2003">
  <ItemGroup>
    <Filter Include="Source Files">
      <UniqueIdentifier>{4FC737F1-C7A5-4376-A066-2A32D752A2FF}</UniqueIdentifier>
      <Extensions>qml;cpp;c;cc;cxx;def;odl;idl;hpj;bat;asm;asmx</Extensions>
    </Filter>
    <Filter Include="Header Files">
      <UniqueIdentifier>{93995380-89BD-4b04-88EB-625FBE52EBFB}</UniqueIdentifier>
      <Extensions>h;hh;hpp;hxx;hm;inl;inc;xsd</Extensions>
    </Filter>
    <Filter Include="Resource Files">
      <UniqueIdentifier>{67DA6AB6-F800-4c08-8B7A-83BB121AAD01}</UniqueIdentifier>
      <Extensions>qrc;rc;ico;cur;bmp;dlg;rc2;rct;bin;rgs;gif;jpg;jpeg;jpe;resx;tiff;tif;png;wav;mfcribbon-ms</Extensions>
    </Filter>
    <Filter Include="Form Files">
      <UniqueIdentifier>{99349809-55BA-4b9d-BF79-8FDBB0286EB3}</UniqueIdentifier>
      <Extensions>ui</Extensions>
    </Filter>
    <Filter Include="Translation Files">
      <UniqueIdentifier>{639EADAA-A684-42e4-A9AD-28FC9BCB8F7C}</UniqueIdentifier>
      <Extensions>ts</Extensions>
    </Filter>
    <Filter Include="Header Files\KLcBase">
      <UniqueIdentifier>{52f4bff3-6f63-4954-9828-ec7539867cf2}</UniqueIdentifier>
    </Filter>
    <Filter Include="Header Files\KLqt">
      <UniqueIdentifier>{41f17ccf-aa19-4bf5-bcec-8ee5486bdce0}</UniqueIdentifier>
    </Filter>
    <Filter Include="Source Files\KLqt">
      <UniqueIdentifier>{3cb9fedd-8fc3-41df-9c87-4d2c4275a655}</UniqueIdentifier>
    </Filter>
  </ItemGroup>
  <ItemGroup>
    <QtRcc Include="KLclRay.qrc">
      <Filter>Resource Files</Filter>
    </QtRcc>
    <QtUic Include="KLclRay.ui">
      <Filter>Form Files</Filter>
    </QtUic>
    <ClCompile Include="KLclRay.cpp">
      <Filter>Source Files</Filter>
    </ClCompile>
  </ItemGroup>
  <ItemGroup>
    <ClCompile Include="main.cpp">
      <Filter>Source Files</Filter>
    </ClCompile>
    <ClCompile Include="..\Classes\KLqtMenu.cpp">
      <Filter>Source Files\KLqt</Filter>
    </ClCompile>
    <ClCompile Include="..\Classes\KLqtTable.cpp">
      <Filter>Source Files\KLqt</Filter>
    </ClCompile>
  </ItemGroup>
  <ItemGroup>
    <ClInclude Include="..\Classes\Header\KBaseMacro.h">
      <Filter>Header Files\KLcBase</Filter>
    </ClInclude>
    <ClInclude Include="..\Classes\Header\KLclRayEx.h">
      <Filter>Header Files\KLqt</Filter>
    </ClInclude>
    <ClInclude Include="..\Classes\Header\KLqtMenu.h">
      <Filter>Header Files\KLqt</Filter>
    </ClInclude>
    <ClInclude Include="..\Classes\Header\KLqtTable.h">
      <Filter>Header Files\KLqt</Filter>
    </ClInclude>
  </ItemGroup>
  <ItemGroup>
    <QtMoc Include="..\Classes\Header\KLclRay.h">
      <Filter>Header Files\KLqt</Filter>
    </QtMoc>
  </ItemGroup>
</Project>