
Microsoft Visual Studio Solution File, Format Version 12.00
# Visual Studio Version 16
VisualStudioVersion = 16.0.32510.428
MinimumVisualStudioVersion = 10.0.40219.1
Project("{8BC9CEB8-8B4A-11D0-8D11-00A0C91BC942}") = "KLcl", "KLcl\KLcl.vcxproj", "{3B4F0ADD-0A22-4CF0-8445-387940B09BC5}"
EndProject
Project("{8BC9CEB8-8B4A-11D0-8D11-00A0C91BC942}") = "KLclRay", "KLclRay\KLclRay.vcxproj", "{7E5E5D32-724D-45A8-8516-B703D14EDC0F}"
EndProject
Global
	GlobalSection(SolutionConfigurationPlatforms) = preSolution
		Debug|x64 = Debug|x64
		Debug|x86 = Debug|x86
		DebugX64|x64 = DebugX64|x64
		DebugX64|x86 = DebugX64|x86
		DebugX86|x64 = DebugX86|x64
		DebugX86|x86 = DebugX86|x86
		Release|x64 = Release|x64
		Release|x86 = Release|x86
		ReleaseX64|x64 = ReleaseX64|x64
		ReleaseX64|x86 = ReleaseX64|x86
		ReleaseX86|x64 = ReleaseX86|x64
		ReleaseX86|x86 = ReleaseX86|x86
	EndGlobalSection
	GlobalSection(ProjectConfigurationPlatforms) = postSolution
		{3B4F0ADD-0A22-4CF0-8445-387940B09BC5}.Debug|x64.ActiveCfg = Debug|x64
		{3B4F0ADD-0A22-4CF0-8445-387940B09BC5}.Debug|x64.Build.0 = Debug|x64
		{3B4F0ADD-0A22-4CF0-8445-387940B09BC5}.Debug|x86.ActiveCfg = Debug|Win32
		{3B4F0ADD-0A22-4CF0-8445-387940B09BC5}.Debug|x86.Build.0 = Debug|Win32
		{3B4F0ADD-0A22-4CF0-8445-387940B09BC5}.DebugX64|x64.ActiveCfg = Debug|x64
		{3B4F0ADD-0A22-4CF0-8445-387940B09BC5}.DebugX64|x64.Build.0 = Debug|x64
		{3B4F0ADD-0A22-4CF0-8445-387940B09BC5}.DebugX64|x86.ActiveCfg = Debug|Win32
		{3B4F0ADD-0A22-4CF0-8445-387940B09BC5}.DebugX64|x86.Build.0 = Debug|Win32
		{3B4F0ADD-0A22-4CF0-8445-387940B09BC5}.DebugX86|x64.ActiveCfg = Debug|x64
		{3B4F0ADD-0A22-4CF0-8445-387940B09BC5}.DebugX86|x64.Build.0 = Debug|x64
		{3B4F0ADD-0A22-4CF0-8445-387940B09BC5}.DebugX86|x86.ActiveCfg = Debug|Win32
		{3B4F0ADD-0A22-4CF0-8445-387940B09BC5}.DebugX86|x86.Build.0 = Debug|Win32
		{3B4F0ADD-0A22-4CF0-8445-387940B09BC5}.Release|x64.ActiveCfg = Release|x64
		{3B4F0ADD-0A22-4CF0-8445-387940B09BC5}.Release|x64.Build.0 = Release|x64
		{3B4F0ADD-0A22-4CF0-8445-387940B09BC5}.Release|x86.ActiveCfg = Release|Win32
		{3B4F0ADD-0A22-4CF0-8445-387940B09BC5}.Release|x86.Build.0 = Release|Win32
		{3B4F0ADD-0A22-4CF0-8445-387940B09BC5}.ReleaseX64|x64.ActiveCfg = Release|x64
		{3B4F0ADD-0A22-4CF0-8445-387940B09BC5}.ReleaseX64|x64.Build.0 = Release|x64
		{3B4F0ADD-0A22-4CF0-8445-387940B09BC5}.ReleaseX64|x86.ActiveCfg = Release|Win32
		{3B4F0ADD-0A22-4CF0-8445-387940B09BC5}.ReleaseX64|x86.Build.0 = Release|Win32
		{3B4F0ADD-0A22-4CF0-8445-387940B09BC5}.ReleaseX86|x64.ActiveCfg = Release|x64
		{3B4F0ADD-0A22-4CF0-8445-387940B09BC5}.ReleaseX86|x64.Build.0 = Release|x64
		{3B4F0ADD-0A22-4CF0-8445-387940B09BC5}.ReleaseX86|x86.ActiveCfg = Release|Win32
		{3B4F0ADD-0A22-4CF0-8445-387940B09BC5}.ReleaseX86|x86.Build.0 = Release|Win32
		{7E5E5D32-724D-45A8-8516-B703D14EDC0F}.Debug|x64.ActiveCfg = DebugX64|x64
		{7E5E5D32-724D-45A8-8516-B703D14EDC0F}.Debug|x64.Build.0 = DebugX64|x64
		{7E5E5D32-724D-45A8-8516-B703D14EDC0F}.Debug|x86.ActiveCfg = DebugX86|Win32
		{7E5E5D32-724D-45A8-8516-B703D14EDC0F}.Debug|x86.Build.0 = DebugX86|Win32
		{7E5E5D32-724D-45A8-8516-B703D14EDC0F}.DebugX64|x64.ActiveCfg = DebugX64|x64
		{7E5E5D32-724D-45A8-8516-B703D14EDC0F}.DebugX64|x64.Build.0 = DebugX64|x64
		{7E5E5D32-724D-45A8-8516-B703D14EDC0F}.DebugX64|x86.ActiveCfg = DebugX64|x64
		{7E5E5D32-724D-45A8-8516-B703D14EDC0F}.DebugX86|x64.ActiveCfg = DebugX86|Win32
		{7E5E5D32-724D-45A8-8516-B703D14EDC0F}.DebugX86|x86.ActiveCfg = DebugX86|Win32
		{7E5E5D32-724D-45A8-8516-B703D14EDC0F}.DebugX86|x86.Build.0 = DebugX86|Win32
		{7E5E5D32-724D-45A8-8516-B703D14EDC0F}.Release|x64.ActiveCfg = ReleaseX64|x64
		{7E5E5D32-724D-45A8-8516-B703D14EDC0F}.Release|x64.Build.0 = ReleaseX64|x64
		{7E5E5D32-724D-45A8-8516-B703D14EDC0F}.Release|x86.ActiveCfg = ReleaseX86|Win32
		{7E5E5D32-724D-45A8-8516-B703D14EDC0F}.Release|x86.Build.0 = ReleaseX86|Win32
		{7E5E5D32-724D-45A8-8516-B703D14EDC0F}.ReleaseX64|x64.ActiveCfg = ReleaseX64|x64
		{7E5E5D32-724D-45A8-8516-B703D14EDC0F}.ReleaseX64|x64.Build.0 = ReleaseX64|x64
		{7E5E5D32-724D-45A8-8516-B703D14EDC0F}.ReleaseX64|x86.ActiveCfg = ReleaseX64|x64
		{7E5E5D32-724D-45A8-8516-B703D14EDC0F}.ReleaseX86|x64.ActiveCfg = ReleaseX86|Win32
		{7E5E5D32-724D-45A8-8516-B703D14EDC0F}.ReleaseX86|x86.ActiveCfg = ReleaseX86|Win32
		{7E5E5D32-724D-45A8-8516-B703D14EDC0F}.ReleaseX86|x86.Build.0 = ReleaseX86|Win32
	EndGlobalSection
	GlobalSection(SolutionProperties) = preSolution
		HideSolutionNode = FALSE
	EndGlobalSection
	GlobalSection(ExtensibilityGlobals) = postSolution
		SolutionGuid = {4DEF4680-57B3-47CC-A64E-39D60302E774}
	EndGlobalSection
EndGlobal
